// !$*UTF8*$!
{
	archiveVersion = 1;
	classes = {
	};
	objectVersion = 56;
	objects = {

/* Begin PBXBuildFile section */
		D48350DA29AE28000070C110 /* VideoApp_AVPlayer_App.swift in Sources */ = {isa = PBXBuildFile; fileRef = D48350D929AE28000070C110 /* VideoApp_AVPlayer_App.swift */; };
		D48350DC29AE28000070C110 /* ContentView.swift in Sources */ = {isa = PBXBuildFile; fileRef = D48350DB29AE28000070C110 /* ContentView.swift */; };
		D48350DE29AE28010070C110 /* Assets.xcassets in Resources */ = {isa = PBXBuildFile; fileRef = D48350DD29AE28010070C110 /* Assets.xcassets */; };
		D48350E129AE28010070C110 /* Preview Assets.xcassets in Resources */ = {isa = PBXBuildFile; fileRef = D48350E029AE28010070C110 /* Preview Assets.xcassets */; };
		D48350E929AE2FFE0070C110 /* QueryTag.swift in Sources */ = {isa = PBXBuildFile; fileRef = D48350E829AE2FFE0070C110 /* QueryTag.swift */; };
		D48350EB29AE30DC0070C110 /* VideoManager.swift in Sources */ = {isa = PBXBuildFile; fileRef = D48350EA29AE30DC0070C110 /* VideoManager.swift */; };
		D48350EE29AE33160070C110 /* VideoCard.swift in Sources */ = {isa = PBXBuildFile; fileRef = D48350ED29AE33160070C110 /* VideoCard.swift */; };
		D48350F229AE39560070C110 /* videoData.json in Resources */ = {isa = PBXBuildFile; fileRef = D48350F129AE39560070C110 /* videoData.json */; };
		D48350F429AE39790070C110 /* ModelData.swift in Sources */ = {isa = PBXBuildFile; fileRef = D48350F329AE39790070C110 /* ModelData.swift */; };
		D48350F629AE3B240070C110 /* VideoView.swift in Sources */ = {isa = PBXBuildFile; fileRef = D48350F529AE3B240070C110 /* VideoView.swift */; };
/* End PBXBuildFile section */

/* Begin PBXFileReference section */
		D48350D629AE28000070C110 /* VideoApp(AVPlayer).app */ = {isa = PBXFileReference; explicitFileType = wrapper.application; includeInIndex = 0; path = "VideoApp(AVPlayer).app"; sourceTree = BUILT_PRODUCTS_DIR; };
		D48350D929AE28000070C110 /* VideoApp_AVPlayer_App.swift */ = {isa = PBXFileReference; lastKnownFileType = sourcecode.swift; path = VideoApp_AVPlayer_App.swift; sourceTree = "<group>"; };
		D48350DB29AE28000070C110 /* ContentView.swift */ = {isa = PBXFileReference; lastKnownFileType = sourcecode.swift; path = ContentView.swift; sourceTree = "<group>"; };
		D48350DD29AE28010070C110 /* Assets.xcassets */ = {isa = PBXFileReference; lastKnownFileType = folder.assetcatalog; path = Assets.xcassets; sourceTree = "<group>"; };
		D48350E029AE28010070C110 /* Preview Assets.xcassets */ = {isa = PBXFileReference; lastKnownFileType = folder.assetcatalog; path = "Preview Assets.xcassets"; sourceTree = "<group>"; };
		D48350E829AE2FFE0070C110 /* QueryTag.swift */ = {isa = PBXFileReference; lastKnownFileType = sourcecode.swift; path = QueryTag.swift; sourceTree = "<group>"; };
		D48350EA29AE30DC0070C110 /* VideoManager.swift */ = {isa = PBXFileReference; lastKnownFileType = sourcecode.swift; path = VideoManager.swift; sourceTree = "<group>"; };
		D48350ED29AE33160070C110 /* VideoCard.swift */ = {isa = PBXFileReference; lastKnownFileType = sourcecode.swift; path = VideoCard.swift; sourceTree = "<group>"; };
		D48350F129AE39560070C110 /* videoData.json */ = {isa = PBXFileReference; fileEncoding = 4; lastKnownFileType = text.json; path = videoData.json; sourceTree = "<group>"; };
		D48350F329AE39790070C110 /* ModelData.swift */ = {isa = PBXFileReference; lastKnownFileType = sourcecode.swift; path = ModelData.swift; sourceTree = "<group>"; };
		D48350F529AE3B240070C110 /* VideoView.swift */ = {isa = PBXFileReference; lastKnownFileType = sourcecode.swift; path = VideoView.swift; sourceTree = "<group>"; };
/* End PBXFileReference section */

/* Begin PBXFrameworksBuildPhase section */
		D48350D329AE28000070C110 /* Frameworks */ = {
			isa = PBXFrameworksBuildPhase;
			buildActionMask = 2147483647;
			files = (
			);
			runOnlyForDeploymentPostprocessing = 0;
		};
/* End PBXFrameworksBuildPhase section */

/* Begin PBXGroup section */
		D48350CD29AE28000070C110 = {
			isa = PBXGroup;
			children = (
				D48350D829AE28000070C110 /* VideoApp(AVPlayer) */,
				D48350D729AE28000070C110 /* Products */,
			);
			sourceTree = "<group>";
		};
		D48350D729AE28000070C110 /* Products */ = {
			isa = PBXGroup;
			children = (
				D48350D629AE28000070C110 /* VideoApp(AVPlayer).app */,
			);
			name = Products;
			sourceTree = "<group>";
		};
		D48350D829AE28000070C110 /* VideoApp(AVPlayer) */ = {
			isa = PBXGroup;
			children = (
				D48350EA29AE30DC0070C110 /* VideoManager.swift */,
				D48350D929AE28000070C110 /* VideoApp_AVPlayer_App.swift */,
				D48350EC29AE31700070C110 /* Views */,
				D48350E729AE2FE10070C110 /* Components */,
				D48350DD29AE28010070C110 /* Assets.xcassets */,
				D48350DF29AE28010070C110 /* Preview Content */,
			);
			path = "VideoApp(AVPlayer)";
			sourceTree = "<group>";
		};
		D48350DF29AE28010070C110 /* Preview Content */ = {
			isa = PBXGroup;
			children = (
				D48350E029AE28010070C110 /* Preview Assets.xcassets */,
				D48350F129AE39560070C110 /* videoData.json */,
				D48350F329AE39790070C110 /* ModelData.swift */,
			);
			path = "Preview Content";
			sourceTree = "<group>";
		};
		D48350E729AE2FE10070C110 /* Components */ = {
			isa = PBXGroup;
			children = (
				D48350E829AE2FFE0070C110 /* QueryTag.swift */,
				D48350ED29AE33160070C110 /* VideoCard.swift */,
			);
			path = Components;
			sourceTree = "<group>";
		};
		D48350EC29AE31700070C110 /* Views */ = {
			isa = PBXGroup;
			children = (
				D48350DB29AE28000070C110 /* ContentView.swift */,
				D48350F529AE3B240070C110 /* VideoView.swift */,
			);
			path = Views;
			sourceTree = "<group>";
		};
/* End PBXGroup section */

/* Begin PBXNativeTarget section */
		D48350D529AE28000070C110 /* VideoApp(AVPlayer) */ = {
			isa = PBXNativeTarget;
			buildConfigurationList = D48350E429AE28010070C110 /* Build configuration list for PBXNativeTarget "VideoApp(AVPlayer)" */;
			buildPhases = (
				D48350D229AE28000070C110 /* Sources */,
				D48350D329AE28000070C110 /* Frameworks */,
				D48350D429AE28000070C110 /* Resources */,
			);
			buildRules = (
			);
			dependencies = (
			);
			name = "VideoApp(AVPlayer)";
			productName = "VideoApp(AVPlayer)";
			productReference = D48350D629AE28000070C110 /* VideoApp(AVPlayer).app */;
			productType = "com.apple.product-type.application";
		};
/* End PBXNativeTarget section */

/* Begin PBXProject section */
		D48350CE29AE28000070C110 /* Project object */ = {
			isa = PBXProject;
			attributes = {
				BuildIndependentTargetsInParallel = 1;
				LastSwiftUpdateCheck = 1420;
				LastUpgradeCheck = 1420;
				TargetAttributes = {
					D48350D529AE28000070C110 = {
						CreatedOnToolsVersion = 14.2;
					};
				};
			};
			buildConfigurationList = D48350D129AE28000070C110 /* Build configuration list for PBXProject "VideoApp(AVPlayer)" */;
			compatibilityVersion = "Xcode 14.0";
			developmentRegion = en;
			hasScannedForEncodings = 0;
			knownRegions = (
				en,
				Base,
			);
			mainGroup = D48350CD29AE28000070C110;
			productRefGroup = D48350D729AE28000070C110 /* Products */;
			projectDirPath = "";
			projectRoot = "";
			targets = (
				D48350D529AE28000070C110 /* VideoApp(AVPlayer) */,
			);
		};
/* End PBXProject section */

/* Begin PBXResourcesBuildPhase section */
		D48350D429AE28000070C110 /* Resources */ = {
			isa = PBXResourcesBuildPhase;
			buildActionMask = 2147483647;
			files = (
				D48350E129AE28010070C110 /* Preview Assets.xcassets in Resources */,
				D48350DE29AE28010070C110 /* Assets.xcassets in Resources */,
				D48350F229AE39560070C110 /* videoData.json in Resources */,
			);
			runOnlyForDeploymentPostprocessing = 0;
		};
/* End PBXResourcesBuildPhase section */

/* Begin PBXSourcesBuildPhase section */
		D48350D229AE28000070C110 /* Sources */ = {
			isa = PBXSourcesBuildPhase;
			buildActionMask = 2147483647;
			files = (
				D48350DC29AE28000070C110 /* ContentView.swift in Sources */,
				D48350F629AE3B240070C110 /* VideoView.swift in Sources */,
				D48350EE29AE33160070C110 /* VideoCard.swift in Sources */,
				D48350E929AE2FFE0070C110 /* QueryTag.swift in Sources */,
				D48350DA29AE28000070C110 /* VideoApp_AVPlayer_App.swift in Sources */,
				D48350EB29AE30DC0070C110 /* VideoManager.swift in Sources */,
				D48350F429AE39790070C110 /* ModelData.swift in Sources */,
			);
			runOnlyForDeploymentPostprocessing = 0;
		};
/* End PBXSourcesBuildPhase section */

/* Begin XCBuildConfiguration section */
		D48350E229AE28010070C110 /* Debug */ = {
			isa = XCBuildConfiguration;
			buildSettings = {
				ALWAYS_SEARCH_USER_PATHS = NO;
				CLANG_ANALYZER_NONNULL = YES;
				CLANG_ANALYZER_NUMBER_OBJECT_CONVERSION = YES_AGGRESSIVE;
				CLANG_CXX_LANGUAGE_STANDARD = "gnu++20";
				CLANG_ENABLE_MODULES = YES;
				CLANG_ENABLE_OBJC_ARC = YES;
				CLANG_ENABLE_OBJC_WEAK = YES;
				CLANG_WARN_BLOCK_CAPTURE_AUTORELEASING = YES;
				CLANG_WARN_BOOL_CONVERSION = YES;
				CLANG_WARN_COMMA = YES;
				CLANG_WARN_CONSTANT_CONVERSION = YES;
				CLANG_WARN_DEPRECATED_OBJC_IMPLEMENTATIONS = YES;
				CLANG_WARN_DIRECT_OBJC_ISA_USAGE = YES_ERROR;
				CLANG_WARN_DOCUMENTATION_COMMENTS = YES;
				CLANG_WARN_EMPTY_BODY = YES;
				CLANG_WARN_ENUM_CONVERSION = YES;
				CLANG_WARN_INFINITE_RECURSION = YES;
				CLANG_WARN_INT_CONVERSION = YES;
				CLANG_WARN_NON_LITERAL_NULL_CONVERSION = YES;
				CLANG_WARN_OBJC_IMPLICIT_RETAIN_SELF = YES;
				CLANG_WARN_OBJC_LITERAL_CONVERSION = YES;
				CLANG_WARN_OBJC_ROOT_CLASS = YES_ERROR;
				CLANG_WARN_QUOTED_INCLUDE_IN_FRAMEWORK_HEADER = YES;
				CLANG_WARN_RANGE_LOOP_ANALYSIS = YES;
				CLANG_WARN_STRICT_PROTOTYPES = YES;
				CLANG_WARN_SUSPICIOUS_MOVE = YES;
				CLANG_WARN_UNGUARDED_AVAILABILITY = YES_AGGRESSIVE;
				CLANG_WARN_UNREACHABLE_CODE = YES;
				CLANG_WARN__DUPLICATE_METHOD_MATCH = YES;
				COPY_PHASE_STRIP = NO;
				DEBUG_INFORMATION_FORMAT = dwarf;
				ENABLE_STRICT_OBJC_MSGSEND = YES;
				ENABLE_TESTABILITY = YES;
				GCC_C_LANGUAGE_STANDARD = gnu11;
				GCC_DYNAMIC_NO_PIC = NO;
				GCC_NO_COMMON_BLOCKS = YES;
				GCC_OPTIMIZATION_LEVEL = 0;
				GCC_PREPROCESSOR_DEFINITIONS = (
					"DEBUG=1",
					"$(inherited)",
				);
				GCC_WARN_64_TO_32_BIT_CONVERSION = YES;
				GCC_WARN_ABOUT_RETURN_TYPE = YES_ERROR;
				GCC_WARN_UNDECLARED_SELECTOR = YES;
				GCC_WARN_UNINITIALIZED_AUTOS = YES_AGGRESSIVE;
				GCC_WARN_UNUSED_FUNCTION = YES;
				GCC_WARN_UNUSED_VARIABLE = YES;
				IPHONEOS_DEPLOYMENT_TARGET = 16.2;
				MTL_ENABLE_DEBUG_INFO = INCLUDE_SOURCE;
				MTL_FAST_MATH = YES;
				ONLY_ACTIVE_ARCH = YES;
				SDKROOT = iphoneos;
				SWIFT_ACTIVE_COMPILATION_CONDITIONS = DEBUG;
				SWIFT_OPTIMIZATION_LEVEL = "-Onone";
			};
			name = Debug;
		};
		D48350E329AE28010070C110 /* Release */ = {
			isa = XCBuildConfiguration;
			buildSettings = {
				ALWAYS_SEARCH_USER_PATHS = NO;
				CLANG_ANALYZER_NONNULL = YES;
				CLANG_ANALYZER_NUMBER_OBJECT_CONVERSION = YES_AGGRESSIVE;
				CLANG_CXX_LANGUAGE_STANDARD = "gnu++20";
				CLANG_ENABLE_MODULES = YES;
				CLANG_ENABLE_OBJC_ARC = YES;
				CLANG_ENABLE_OBJC_WEAK = YES;
				CLANG_WARN_BLOCK_CAPTURE_AUTORELEASING = YES;
				CLANG_WARN_BOOL_CONVERSION = YES;
				CLANG_WARN_COMMA = YES;
				CLANG_WARN_CONSTANT_CONVERSION = YES;
				CLANG_WARN_DEPRECATED_OBJC_IMPLEMENTATIONS = YES;
				CLANG_WARN_DIRECT_OBJC_ISA_USAGE = YES_ERROR;
				CLANG_WARN_DOCUMENTATION_COMMENTS = YES;
				CLANG_WARN_EMPTY_BODY = YES;
				CLANG_WARN_ENUM_CONVERSION = YES;
				CLANG_WARN_INFINITE_RECURSION = YES;
				CLANG_WARN_INT_CONVERSION = YES;
				CLANG_WARN_NON_LITERAL_NULL_CONVERSION = YES;
				CLANG_WARN_OBJC_IMPLICIT_RETAIN_SELF = YES;
				CLANG_WARN_OBJC_LITERAL_CONVERSION = YES;
				CLANG_WARN_OBJC_ROOT_CLASS = YES_ERROR;
				CLANG_WARN_QUOTED_INCLUDE_IN_FRAMEWORK_HEADER = YES;
				CLANG_WARN_RANGE_LOOP_ANALYSIS = YES;
				CLANG_WARN_STRICT_PROTOTYPES = YES;
				CLANG_WARN_SUSPICIOUS_MOVE = YES;
				CLANG_WARN_UNGUARDED_AVAILABILITY = YES_AGGRESSIVE;
				CLANG_WARN_UNREACHABLE_CODE = YES;
				CLANG_WARN__DUPLICATE_METHOD_MATCH = YES;
				COPY_PHASE_STRIP = NO;
				DEBUG_INFORMATION_FORMAT = "dwarf-with-dsym";
				ENABLE_NS_ASSERTIONS = NO;
				ENABLE_STRICT_OBJC_MSGSEND = YES;
				GCC_C_LANGUAGE_STANDARD = gnu11;
				GCC_NO_COMMON_BLOCKS = YES;
				GCC_WARN_64_TO_32_BIT_CONVERSION = YES;
				GCC_WARN_ABOUT_RETURN_TYPE = YES_ERROR;
				GCC_WARN_UNDECLARED_SELECTOR = YES;
				GCC_WARN_UNINITIALIZED_AUTOS = YES_AGGRESSIVE;
				GCC_WARN_UNUSED_FUNCTION = YES;
				GCC_WARN_UNUSED_VARIABLE = YES;
				IPHONEOS_DEPLOYMENT_TARGET = 16.2;
				MTL_ENABLE_DEBUG_INFO = NO;
				MTL_FAST_MATH = YES;
				SDKROOT = iphoneos;
				SWIFT_COMPILATION_MODE = wholemodule;
				SWIFT_OPTIMIZATION_LEVEL = "-O";
				VALIDATE_PRODUCT = YES;
			};
			name = Release;
		};
		D48350E529AE28010070C110 /* Debug */ = {
			isa = XCBuildConfiguration;
			buildSettings = {
				ASSETCATALOG_COMPILER_APPICON_NAME = AppIcon;
				ASSETCATALOG_COMPILER_GLOBAL_ACCENT_COLOR_NAME = AccentColor;
				CODE_SIGN_STYLE = Automatic;
				CURRENT_PROJECT_VERSION = 1;
				DEVELOPMENT_ASSET_PATHS = "\"VideoApp(AVPlayer)/Preview Content\"";
				DEVELOPMENT_TEAM = PNPVB24X3M;
				ENABLE_PREVIEWS = YES;
				GENERATE_INFOPLIST_FILE = YES;
				INFOPLIST_KEY_UIApplicationSceneManifest_Generation = YES;
				INFOPLIST_KEY_UIApplicationSupportsIndirectInputEvents = YES;
				INFOPLIST_KEY_UILaunchScreen_Generation = YES;
				INFOPLIST_KEY_UISupportedInterfaceOrientations_iPad = "UIInterfaceOrientationPortrait UIInterfaceOrientationPortraitUpsideDown UIInterfaceOrientationLandscapeLeft UIInterfaceOrientationLandscapeRight";
				INFOPLIST_KEY_UISupportedInterfaceOrientations_iPhone = "UIInterfaceOrientationPortrait UIInterfaceOrientationLandscapeLeft UIInterfaceOrientationLandscapeRight";
				LD_RUNPATH_SEARCH_PATHS = (
					"$(inherited)",
					"@executable_path/Frameworks",
				);
				MARKETING_VERSION = 1.0;
				PRODUCT_BUNDLE_IDENTIFIER = "Max.VideoApp-AVPlayer-";
				PRODUCT_NAME = "$(TARGET_NAME)";
				SWIFT_EMIT_LOC_STRINGS = YES;
				SWIFT_VERSION = 5.0;
				TARGETED_DEVICE_FAMILY = "1,2";
			};
			name = Debug;
		};
		D48350E629AE28010070C110 /* Release */ = {
			isa = XCBuildConfiguration;
			buildSettings = {
				ASSETCATALOG_COMPILER_APPICON_NAME = AppIcon;
				ASSETCATALOG_COMPILER_GLOBAL_ACCENT_COLOR_NAME = AccentColor;
				CODE_SIGN_STYLE = Automatic;
				CURRENT_PROJECT_VERSION = 1;
				DEVELOPMENT_ASSET_PATHS = "\"VideoApp(AVPlayer)/Preview Content\"";
				DEVELOPMENT_TEAM = PNPVB24X3M;
				ENABLE_PREVIEWS = YES;
				GENERATE_INFOPLIST_FILE = YES;
				INFOPLIST_KEY_UIApplicationSceneManifest_Generation = YES;
				INFOPLIST_KEY_UIApplicationSupportsIndirectInputEvents = YES;
				INFOPLIST_KEY_UILaunchScreen_Generation = YES;
				INFOPLIST_KEY_UISupportedInterfaceOrientations_iPad = "UIInterfaceOrientationPortrait UIInterfaceOrientationPortraitUpsideDown UIInterfaceOrientationLandscapeLeft UIInterfaceOrientationLandscapeRight";
				INFOPLIST_KEY_UISupportedInterfaceOrientations_iPhone = "UIInterfaceOrientationPortrait UIInterfaceOrientationLandscapeLeft UIInterfaceOrientationLandscapeRight";
				LD_RUNPATH_SEARCH_PATHS = (
					"$(inherited)",
					"@executable_path/Frameworks",
				);
				MARKETING_VERSION = 1.0;
				PRODUCT_BUNDLE_IDENTIFIER = "Max.VideoApp-AVPlayer-";
				PRODUCT_NAME = "$(TARGET_NAME)";
				SWIFT_EMIT_LOC_STRINGS = YES;
				SWIFT_VERSION = 5.0;
				TARGETED_DEVICE_FAMILY = "1,2";
			};
			name = Release;
		};
/* End XCBuildConfiguration section */

/* Begin XCConfigurationList section */
		D48350D129AE28000070C110 /* Build configuration list for PBXProject "VideoApp(AVPlayer)" */ = {
			isa = XCConfigurationList;
			buildConfigurations = (
				D48350E229AE28010070C110 /* Debug */,
				D48350E329AE28010070C110 /* Release */,
			);
			defaultConfigurationIsVisible = 0;
			defaultConfigurationName = Release;
		};
		D48350E429AE28010070C110 /* Build configuration list for PBXNativeTarget "VideoApp(AVPlayer)" */ = {
			isa = XCConfigurationList;
			buildConfigurations = (
				D48350E529AE28010070C110 /* Debug */,
				D48350E629AE28010070C110 /* Release */,
			);
			defaultConfigurationIsVisible = 0;
			defaultConfigurationName = Release;
		};
/* End XCConfigurationList section */
	};
	rootObject = D48350CE29AE28000070C110 /* Project object */;
}
